{
  "name": "sleepweb",
  "version": "0.0.1",
  "lockfileVersion": 1,
  "requires": true,
  "dependencies": {
    "bootstrap": {
      "version": "4.3.1",
      "resolved": "https://registry.npmjs.org/bootstrap/-/bootstrap-4.3.1.tgz",
      "integrity": "sha1-KAyo9hBQTZnXtrS/xLaM7GAXBKw="
    },
    "bootstrap-datepicker": {
      "version": "1.9.0",
      "resolved": "https://registry.npmjs.org/bootstrap-datepicker/-/bootstrap-datepicker-1.9.0.tgz",
      "integrity": "sha1-5L/OP8zhlnh2sh3Ggz7FmUqu0JA=",
      "requires": {
        "jquery": ">=1.7.1 <4.0.0"
      }
    },
    "chart.js": {
      "version": "2.8.0",
      "resolved": "https://registry.npmjs.org/chart.js/-/chart.js-2.8.0.tgz",
      "integrity": "sha1-twOxDQ9OxQeerv3NbKMtyPgm4Ok=",
      "requires": {
        "chartjs-color": "^2.1.0",
        "moment": "^2.10.2"
      }
    },
    "chartjs-color": {
      "version": "2.3.0",
      "resolved": "https://registry.npmjs.org/chartjs-color/-/chartjs-color-2.3.0.tgz",
      "integrity": "sha1-Dn4ejbo36uhBX9PbOL9XIAfdlY8=",
      "requires": {
        "chartjs-color-string": "^0.6.0",
        "color-convert": "^0.5.3"
      }
    },
    "chartjs-color-string": {
      "version": "0.6.0",
      "resolved": "https://registry.npmjs.org/chartjs-color-string/-/chartjs-color-string-0.6.0.tgz",
      "integrity": "sha1-HfCWYhwOcHIKZPQTXqFx0FFAL3E=",
      "requires": {
        "color-name": "^1.0.0"
      }
    },
    "color-convert": {
      "version": "0.5.3",
      "resolved": "https://registry.npmjs.org/color-convert/-/color-convert-0.5.3.tgz",
      "integrity": "sha1-vbbGnOZg+t/+CwAHzER+G59ygr0="
    },
    "color-name": {
      "version": "1.1.4",
      "resolved": "https://registry.npmjs.org/color-name/-/color-name-1.1.4.tgz",
      "integrity": "sha1-wqCah6y95pVD3m9j+jmVyCbFNqI="
    },
    "datatables.net": {
      "version": "1.10.19",
      "resolved": "https://registry.npmjs.org/datatables.net/-/datatables.net-1.10.19.tgz",
      "integrity": "sha1-l6HtQcheYtYQQGA0gbWXkKFy3R8=",
      "requires": {
        "jquery": ">=1.7"
      }
    },
    "datatables.net-bs4": {
      "version": "1.10.19",
      "resolved": "https://registry.npmjs.org/datatables.net-bs4/-/datatables.net-bs4-1.10.19.tgz",
      "integrity": "sha1-Bgjf8iAIzzx7imixvHAu0lW0BPs=",
      "requires": {
        "datatables.net": "1.10.19",
        "jquery": ">=1.7"
      }
    },
    "datatables.net-rowgroup": {
      "version": "1.1.0",
      "resolved": "https://registry.npmjs.org/datatables.net-rowgroup/-/datatables.net-rowgroup-1.1.0.tgz",
      "integrity": "sha1-Y477N6GhX1s0ArfbzomzvNwobxo=",
      "requires": {
        "datatables.net": "^1.10.15",
        "jquery": ">=1.7"
      }
    },
    "datatables.net-rowgroup-bs4": {
      "version": "1.1.0",
      "resolved": "https://registry.npmjs.org/datatables.net-rowgroup-bs4/-/datatables.net-rowgroup-bs4-1.1.0.tgz",
      "integrity": "sha1-vKqYQryc9w7roZ6K9u2tGQx7iW4=",
      "requires": {
        "datatables.net-bs4": "^1.10.15",
        "datatables.net-rowgroup": "1.1.0",
        "jquery": ">=1.7"
      }
    },
    "font-awesome": {
      "version": "4.7.0",
      "resolved": "https://registry.npmjs.org/font-awesome/-/font-awesome-4.7.0.tgz",
      "integrity": "sha1-j6jPBBGhoxr9B7BtKQK7n8gVoTM="
    },
    "jquery": {
      "version": "3.4.1",
      "resolved": "https://registry.npmjs.org/jquery/-/jquery-3.4.1.tgz",
      "integrity": "sha1-cU8fjZ3eS9+lV2S6N+8hRjDYDvI="
    },
    "jquery-calendar-heatmap": {
      "version": "1.0.0",
      "resolved": "https://registry.npmjs.org/jquery-calendar-heatmap/-/jquery-calendar-heatmap-1.0.0.tgz",
      "integrity": "sha1-0zYQzorFy6eelxXwza+9jQLNry8=",
      "requires": {
        "jquery": ">=1.5.1",
        "moment": "^2.24.0"
      }
    },
    "jquery-mask-plugin": {
      "version": "git+https://github.com/igorescobar/jQuery-Mask-Plugin.git#44299ed6408a23654b730300389adc6e05598f05",
      "from": "git+https://github.com/igorescobar/jQuery-Mask-Plugin.git"
    },
    "moment": {
      "version": "2.29.2",
      "resolved": "https://registry.npmjs.org/moment/-/moment-2.29.2.tgz",
      "integrity": "sha512-UgzG4rvxYpN15jgCmVJwac49h9ly9NurikMWGPdVxm8GZD6XjkKPxDTjQQ43gtGgnV3X0cAyWDdP2Wexoquifg=="
    },
    "parsleyjs": {
      "version": "2.9.1",
      "resolved": "https://registry.npmjs.org/parsleyjs/-/parsleyjs-2.9.1.tgz",
      "integrity": "sha1-/Xn3obH+kTiZO16C+bvD44/Tdj0=",
      "requires": {
        "jquery": ">=1.8.0"
      }
    },
    "popper.js": {
      "version": "1.15.0",
      "resolved": "https://registry.npmjs.org/popper.js/-/popper.js-1.15.0.tgz",
      "integrity": "sha1-VWC5m7rXZH6fqkdca4BWYh9aT/I="
    }
  }
}
